
Microsoft Visual Studio Solution File, Format Version 12.00
# Visual Studio Version 16
VisualStudioVersion = 16.0.29613.14
MinimumVisualStudioVersion = 10.0.40219.1
Project("{FAE04EC0-301F-11D3-BF4B-00C04F79EFBC}") = "MathExpressions", "UvodVProgr_Work\MathExpressions.csproj", "{264C8DF7-D3E6-4316-8FEA-77F0D5EF1C17}"
EndProject
Global
	GlobalSection(SolutionConfigurationPlatforms) = preSolution
		Debug|Any CPU = Debug|Any CPU
		Release|Any CPU = Release|Any CPU
	EndGlobalSection
	GlobalSection(ProjectConfigurationPlatforms) = postSolution
		{264C8DF7-D3E6-4316-8FEA-77F0D5EF1C17}.Debug|Any CPU.ActiveCfg = Debug|Any CPU
		{264C8DF7-D3E6-4316-8FEA-77F0D5EF1C17}.Debug|Any CPU.Build.0 = Debug|Any CPU
		{264C8DF7-D3E6-4316-8FEA-77F0D5EF1C17}.Release|Any CPU.ActiveCfg = Release|Any CPU
		{264C8DF7-D3E6-4316-8FEA-77F0D5EF1C17}.Release|Any CPU.Build.0 = Release|Any CPU
	EndGlobalSection
	GlobalSection(SolutionProperties) = preSolution
		HideSolutionNode = FALSE
	EndGlobalSection
	GlobalSection(ExtensibilityGlobals) = postSolution
		SolutionGuid = {1DD3E1C7-CC42-4ED9-899F-6D3E3BBB781A}
	EndGlobalSection
EndGlobal
